
Microsoft Visual Studio Solution File, Format Version 12.00
# Visual Studio Version 17
VisualStudioVersion = 17.8.34330.188
MinimumVisualStudioVersion = 10.0.40219.1
Project("{FAE04EC0-301F-11D3-BF4B-00C04F79EFBC}") = "UnitTests", "UnitTests\UnitTests.csproj", "{418E7413-178D-4C04-A44E-7EF3E1979A40}"
EndProject
Project("{2150E333-8FDC-42A3-9474-1A3956D46DE8}") = "SolutionItems", "SolutionItems", "{99DDD751-8CD1-4DBB-9457-7582BD5C5124}"
	ProjectSection(SolutionItems) = preProject
		..\.github\workflows\test_workflow.yml = ..\.github\workflows\test_workflow.yml
	EndProjectSection
EndProject
Global
	GlobalSection(SolutionConfigurationPlatforms) = preSolution
		Debug|Any CPU = Debug|Any CPU
		Release|Any CPU = Release|Any CPU
	EndGlobalSection
	GlobalSection(ProjectConfigurationPlatforms) = postSolution
		{418E7413-178D-4C04-A44E-7EF3E1979A40}.Debug|Any CPU.ActiveCfg = Debug|Any CPU
		{418E7413-178D-4C04-A44E-7EF3E1979A40}.Debug|Any CPU.Build.0 = Debug|Any CPU
		{418E7413-178D-4C04-A44E-7EF3E1979A40}.Release|Any CPU.ActiveCfg = Release|Any CPU
		{418E7413-178D-4C04-A44E-7EF3E1979A40}.Release|Any CPU.Build.0 = Release|Any CPU
	EndGlobalSection
	GlobalSection(SolutionProperties) = preSolution
		HideSolutionNode = FALSE
	EndGlobalSection
	GlobalSection(ExtensibilityGlobals) = postSolution
		SolutionGuid = {55FE9DC2-BEF1-42D5-94BA-3898267BF4BC}
	EndGlobalSection
EndGlobal
